
Microsoft Visual Studio Solution File, Format Version 12.00
# Visual Studio Version 17
VisualStudioVersion = 17.0.31903.59
MinimumVisualStudioVersion = 10.0.40219.1
Project("{FAE04EC0-301F-11D3-BF4B-00C04F79EFBC}") = "API", "API\API.csproj", "{67176311-15A8-401D-A9A6-776791358C12}"
EndProject
Project("{FAE04EC0-301F-11D3-BF4B-00C04F79EFBC}") = "Core", "Core\Core.csproj", "{F798935F-27EF-4C67-B11C-82AA65221F79}"
EndProject
Project("{FAE04EC0-301F-11D3-BF4B-00C04F79EFBC}") = "Infrastructure", "Infrastructure\Infrastructure.csproj", "{082A0440-A2FD-4A3D-A7D9-EC9B54B16AA1}"
EndProject
Global
	GlobalSection(SolutionConfigurationPlatforms) = preSolution
		Debug|Any CPU = Debug|Any CPU
		Debug|x64 = Debug|x64
		Debug|x86 = Debug|x86
		Release|Any CPU = Release|Any CPU
		Release|x64 = Release|x64
		Release|x86 = Release|x86
	EndGlobalSection
	GlobalSection(ProjectConfigurationPlatforms) = postSolution
		{67176311-15A8-401D-A9A6-776791358C12}.Debug|Any CPU.ActiveCfg = Debug|Any CPU
		{67176311-15A8-401D-A9A6-776791358C12}.Debug|Any CPU.Build.0 = Debug|Any CPU
		{67176311-15A8-401D-A9A6-776791358C12}.Debug|x64.ActiveCfg = Debug|Any CPU
		{67176311-15A8-401D-A9A6-776791358C12}.Debug|x64.Build.0 = Debug|Any CPU
		{67176311-15A8-401D-A9A6-776791358C12}.Debug|x86.ActiveCfg = Debug|Any CPU
		{67176311-15A8-401D-A9A6-776791358C12}.Debug|x86.Build.0 = Debug|Any CPU
		{67176311-15A8-401D-A9A6-776791358C12}.Release|Any CPU.ActiveCfg = Release|Any CPU
		{67176311-15A8-401D-A9A6-776791358C12}.Release|Any CPU.Build.0 = Release|Any CPU
		{67176311-15A8-401D-A9A6-776791358C12}.Release|x64.ActiveCfg = Release|Any CPU
		{67176311-15A8-401D-A9A6-776791358C12}.Release|x64.Build.0 = Release|Any CPU
		{67176311-15A8-401D-A9A6-776791358C12}.Release|x86.ActiveCfg = Release|Any CPU
		{67176311-15A8-401D-A9A6-776791358C12}.Release|x86.Build.0 = Release|Any CPU
		{F798935F-27EF-4C67-B11C-82AA65221F79}.Debug|Any CPU.ActiveCfg = Debug|Any CPU
		{F798935F-27EF-4C67-B11C-82AA65221F79}.Debug|Any CPU.Build.0 = Debug|Any CPU
		{F798935F-27EF-4C67-B11C-82AA65221F79}.Debug|x64.ActiveCfg = Debug|Any CPU
		{F798935F-27EF-4C67-B11C-82AA65221F79}.Debug|x64.Build.0 = Debug|Any CPU
		{F798935F-27EF-4C67-B11C-82AA65221F79}.Debug|x86.ActiveCfg = Debug|Any CPU
		{F798935F-27EF-4C67-B11C-82AA65221F79}.Debug|x86.Build.0 = Debug|Any CPU
		{F798935F-27EF-4C67-B11C-82AA65221F79}.Release|Any CPU.ActiveCfg = Release|Any CPU
		{F798935F-27EF-4C67-B11C-82AA65221F79}.Release|Any CPU.Build.0 = Release|Any CPU
		{F798935F-27EF-4C67-B11C-82AA65221F79}.Release|x64.ActiveCfg = Release|Any CPU
		{F798935F-27EF-4C67-B11C-82AA65221F79}.Release|x64.Build.0 = Release|Any CPU
		{F798935F-27EF-4C67-B11C-82AA65221F79}.Release|x86.ActiveCfg = Release|Any CPU
		{F798935F-27EF-4C67-B11C-82AA65221F79}.Release|x86.Build.0 = Release|Any CPU
		{082A0440-A2FD-4A3D-A7D9-EC9B54B16AA1}.Debug|Any CPU.ActiveCfg = Debug|Any CPU
		{082A0440-A2FD-4A3D-A7D9-EC9B54B16AA1}.Debug|Any CPU.Build.0 = Debug|Any CPU
		{082A0440-A2FD-4A3D-A7D9-EC9B54B16AA1}.Debug|x64.ActiveCfg = Debug|Any CPU
		{082A0440-A2FD-4A3D-A7D9-EC9B54B16AA1}.Debug|x64.Build.0 = Debug|Any CPU
		{082A0440-A2FD-4A3D-A7D9-EC9B54B16AA1}.Debug|x86.ActiveCfg = Debug|Any CPU
		{082A0440-A2FD-4A3D-A7D9-EC9B54B16AA1}.Debug|x86.Build.0 = Debug|Any CPU
		{082A0440-A2FD-4A3D-A7D9-EC9B54B16AA1}.Release|Any CPU.ActiveCfg = Release|Any CPU
		{082A0440-A2FD-4A3D-A7D9-EC9B54B16AA1}.Release|Any CPU.Build.0 = Release|Any CPU
		{082A0440-A2FD-4A3D-A7D9-EC9B54B16AA1}.Release|x64.ActiveCfg = Release|Any CPU
		{082A0440-A2FD-4A3D-A7D9-EC9B54B16AA1}.Release|x64.Build.0 = Release|Any CPU
		{082A0440-A2FD-4A3D-A7D9-EC9B54B16AA1}.Release|x86.ActiveCfg = Release|Any CPU
		{082A0440-A2FD-4A3D-A7D9-EC9B54B16AA1}.Release|x86.Build.0 = Release|Any CPU
	EndGlobalSection
	GlobalSection(SolutionProperties) = preSolution
		HideSolutionNode = FALSE
	EndGlobalSection
EndGlobal
